
Microsoft Visual Studio Solution File, Format Version 12.00
# Visual Studio Version 16
VisualStudioVersion = 16.0.29201.188
MinimumVisualStudioVersion = 10.0.40219.1
Project("{FAE04EC0-301F-11D3-BF4B-00C04F79EFBC}") = "net-sbidinapp", "net-sbidinapp.csproj", "{DAD8E40E-6240-47C2-AF21-01F0E5A81607}"
EndProject
Global
	GlobalSection(SolutionConfigurationPlatforms) = preSolution
		Debug|Any CPU = Debug|Any CPU
		Release|Any CPU = Release|Any CPU
	EndGlobalSection
	GlobalSection(ProjectConfigurationPlatforms) = postSolution
		{DAD8E40E-6240-47C2-AF21-01F0E5A81607}.Debug|Any CPU.ActiveCfg = Debug|Any CPU
		{DAD8E40E-6240-47C2-AF21-01F0E5A81607}.Debug|Any CPU.Build.0 = Debug|Any CPU
		{DAD8E40E-6240-47C2-AF21-01F0E5A81607}.Release|Any CPU.ActiveCfg = Release|Any CPU
		{DAD8E40E-6240-47C2-AF21-01F0E5A81607}.Release|Any CPU.Build.0 = Release|Any CPU
	EndGlobalSection
	GlobalSection(SolutionProperties) = preSolution
		HideSolutionNode = FALSE
	EndGlobalSection
	GlobalSection(ExtensibilityGlobals) = postSolution
		SolutionGuid = {4E1AE9B0-DC0D-4102-8228-64B5C7BC12D7}
	EndGlobalSection
EndGlobal
